
Microsoft Visual Studio Solution File, Format Version 12.00
# Visual Studio Version 17
VisualStudioVersion = 17.10.35013.160
MinimumVisualStudioVersion = 10.0.40219.1
Project("{FAE04EC0-301F-11D3-BF4B-00C04F79EFBC}") = "coreWebApplication1", "coreWebApplication1\coreWebApplication1.csproj", "{F1CA185A-A4E7-4A9B-9323-B243C289E1FF}"
EndProject
Global
	GlobalSection(SolutionConfigurationPlatforms) = preSolution
		Debug|Any CPU = Debug|Any CPU
		Release|Any CPU = Release|Any CPU
	EndGlobalSection
	GlobalSection(ProjectConfigurationPlatforms) = postSolution
		{F1CA185A-A4E7-4A9B-9323-B243C289E1FF}.Debug|Any CPU.ActiveCfg = Debug|Any CPU
		{F1CA185A-A4E7-4A9B-9323-B243C289E1FF}.Debug|Any CPU.Build.0 = Debug|Any CPU
		{F1CA185A-A4E7-4A9B-9323-B243C289E1FF}.Release|Any CPU.ActiveCfg = Release|Any CPU
		{F1CA185A-A4E7-4A9B-9323-B243C289E1FF}.Release|Any CPU.Build.0 = Release|Any CPU
	EndGlobalSection
	GlobalSection(SolutionProperties) = preSolution
		HideSolutionNode = FALSE
	EndGlobalSection
	GlobalSection(ExtensibilityGlobals) = postSolution
		SolutionGuid = {7228F484-F0EC-4949-A6E2-54325314F676}
	EndGlobalSection
EndGlobal
